
Microsoft Visual Studio Solution File, Format Version 12.00
# Visual Studio Version 17
VisualStudioVersion = 17.2.32519.379
MinimumVisualStudioVersion = 10.0.40219.1
Project("{FAE04EC0-301F-11D3-BF4B-00C04F79EFBC}") = "clase 6", "clase 6\clase 6.csproj", "{AF193B45-452A-4F96-A8FF-F20746EBFF7A}"
EndProject
Global
	GlobalSection(SolutionConfigurationPlatforms) = preSolution
		Debug|Any CPU = Debug|Any CPU
		Release|Any CPU = Release|Any CPU
	EndGlobalSection
	GlobalSection(ProjectConfigurationPlatforms) = postSolution
		{AF193B45-452A-4F96-A8FF-F20746EBFF7A}.Debug|Any CPU.ActiveCfg = Debug|Any CPU
		{AF193B45-452A-4F96-A8FF-F20746EBFF7A}.Debug|Any CPU.Build.0 = Debug|Any CPU
		{AF193B45-452A-4F96-A8FF-F20746EBFF7A}.Release|Any CPU.ActiveCfg = Release|Any CPU
		{AF193B45-452A-4F96-A8FF-F20746EBFF7A}.Release|Any CPU.Build.0 = Release|Any CPU
	EndGlobalSection
	GlobalSection(SolutionProperties) = preSolution
		HideSolutionNode = FALSE
	EndGlobalSection
	GlobalSection(ExtensibilityGlobals) = postSolution
		SolutionGuid = {96B05D52-4523-4D87-84F2-8289DC11A83F}
	EndGlobalSection
EndGlobal
